{
  "version": 4,
  "terraform_version": "1.1.9",
  "serial": 6,
  "lineage": "907a7c13-15e6-a66c-a6ce-57c58b559795",
  "outputs": {},
  "resources": [
    {
      "mode": "managed",
      "type": "google_compute_network",
      "name": "private_network",
      "provider": "provider[\"registry.terraform.io/hashicorp/google\"]",
      "instances": [
        {
          "schema_version": 0,
          "attributes": {
            "auto_create_subnetworks": false,
            "delete_default_routes_on_create": false,
            "description": "",
            "gateway_ipv4": "",
            "id": "projects/falconsandbox/global/networks/test-vpc",
            "mtu": 0,
            "name": "test-vpc",
            "project": "falconsandbox",
            "routing_mode": "REGIONAL",
            "self_link": "https://www.googleapis.com/compute/v1/projects/falconsandbox/global/networks/test-vpc",
            "timeouts": null
          },
          "sensitive_attributes": [],
          "private": "eyJlMmJmYjczMC1lY2FhLTExZTYtOGY4OC0zNDM2M2JjN2M0YzAiOnsiY3JlYXRlIjoxMjAwMDAwMDAwMDAwLCJkZWxldGUiOjEyMDAwMDAwMDAwMDAsInVwZGF0ZSI6MTIwMDAwMDAwMDAwMH19"
        }
      ]
    },
    {
      "mode": "managed",
      "type": "google_compute_subnetwork",
      "name": "kubernetes",
      "provider": "provider[\"registry.terraform.io/hashicorp/google\"]",
      "instances": [
        {
          "schema_version": 0,
          "attributes": {
            "creation_timestamp": "2022-05-04T20:04:02.226-07:00",
            "description": "",
            "external_ipv6_prefix": "",
            "fingerprint": null,
            "gateway_address": "10.0.0.1",
            "id": "projects/falconsandbox/regions/us-central1/subnetworks/kubernetes-subnet",
            "ip_cidr_range": "10.0.0.0/24",
            "ipv6_access_type": "",
            "ipv6_cidr_range": "",
            "log_config": [],
            "name": "kubernetes-subnet",
            "network": "https://www.googleapis.com/compute/v1/projects/falconsandbox/global/networks/test-vpc",
            "private_ip_google_access": true,
            "private_ipv6_google_access": "DISABLE_GOOGLE_ACCESS",
            "project": "falconsandbox",
            "purpose": "PRIVATE",
            "region": "us-central1",
            "role": "",
            "secondary_ip_range": [],
            "self_link": "https://www.googleapis.com/compute/v1/projects/falconsandbox/regions/us-central1/subnetworks/kubernetes-subnet",
            "stack_type": "IPV4_ONLY",
            "timeouts": null
          },
          "sensitive_attributes": [],
          "private": "eyJlMmJmYjczMC1lY2FhLTExZTYtOGY4OC0zNDM2M2JjN2M0YzAiOnsiY3JlYXRlIjoxMjAwMDAwMDAwMDAwLCJkZWxldGUiOjEyMDAwMDAwMDAwMDAsInVwZGF0ZSI6MTIwMDAwMDAwMDAwMH19",
          "dependencies": [
            "google_compute_network.private_network"
          ]
        }
      ]
    },
    {
      "mode": "managed",
      "type": "google_container_cluster",
      "name": "kubernetes",
      "provider": "provider[\"registry.terraform.io/hashicorp/google-beta\"]",
      "instances": [
        {
          "schema_version": 1,
          "attributes": {
            "addons_config": [
              {
                "cloudrun_config": [],
                "config_connector_config": [],
                "dns_cache_config": [],
                "gce_persistent_disk_csi_driver_config": [
                  {
                    "enabled": true
                  }
                ],
                "gcp_filestore_csi_driver_config": [],
                "gke_backup_agent_config": [],
                "horizontal_pod_autoscaling": [],
                "http_load_balancing": [],
                "istio_config": [],
                "kalm_config": [],
                "network_policy_config": [
                  {
                    "disabled": true
                  }
                ]
              }
            ],
            "authenticator_groups_config": [],
            "cluster_autoscaling": [
              {
                "auto_provisioning_defaults": [],
                "autoscaling_profile": "BALANCED",
                "enabled": false,
                "resource_limits": []
              }
            ],
            "cluster_ipv4_cidr": "10.224.0.0/14",
            "cluster_telemetry": [
              {
                "type": "ENABLED"
              }
            ],
            "confidential_nodes": [],
            "database_encryption": [
              {
                "key_name": "",
                "state": "DECRYPTED"
              }
            ],
            "datapath_provider": "",
            "default_max_pods_per_node": null,
            "default_snat_status": [
              {
                "disabled": false
              }
            ],
            "description": "",
            "dns_config": [],
            "enable_autopilot": false,
            "enable_binary_authorization": false,
            "enable_intranode_visibility": false,
            "enable_kubernetes_alpha": false,
            "enable_l4_ilb_subsetting": false,
            "enable_legacy_abac": false,
            "enable_shielded_nodes": true,
            "enable_tpu": false,
            "endpoint": "104.198.192.184",
            "id": "projects/falconsandbox/locations/us-central1-a/clusters/k8s-cluster",
            "identity_service_config": [],
            "initial_node_count": 1,
            "ip_allocation_policy": [],
            "label_fingerprint": "a9dc16a7",
            "location": "us-central1-a",
            "logging_config": [
              {
                "enable_components": [
                  "SYSTEM_COMPONENTS",
                  "WORKLOADS"
                ]
              }
            ],
            "logging_service": "logging.googleapis.com/kubernetes",
            "maintenance_policy": [],
            "master_auth": [
              {
                "client_certificate": "",
                "client_certificate_config": [
                  {
                    "issue_client_certificate": false
                  }
                ],
                "client_key": "",
                "cluster_ca_certificate": "LS0tLS1CRUdJTiBDRVJUSUZJQ0FURS0tLS0tCk1JSUVMVENDQXBXZ0F3SUJBZ0lSQUx5UjVScnYvRWkwWmxVdHRVbWYvUlF3RFFZSktvWklodmNOQVFFTEJRQXcKTHpFdE1Dc0dBMVVFQXhNa05tSTFZVGc0TjJJdFlUbGlNeTAwTldKakxXSXdNRFV0WVRRME0yTTJPR0prTURJeQpNQ0FYRFRJeU1EVXdOVEF5TVRJd01sb1lEekl3TlRJd05ESTNNRE14TWpBeVdqQXZNUzB3S3dZRFZRUURFeVEyCllqVmhPRGczWWkxaE9XSXpMVFExWW1NdFlqQXdOUzFoTkRRell6WTRZbVF3TWpJd2dnR2lNQTBHQ1NxR1NJYjMKRFFFQkFRVUFBNElCandBd2dnR0tBb0lCZ1FDdmh3RTdQaVY1SVlkc29LV3pyVHRNQVJKNVhKbEtFNUhuVHJmdwpweTdtQU04NFB1Y0M0ZmhuL2VvZmV0MXlqU3B6SVdRbFZUQ2ZPam1KWXBGd1R5cEhlUW5JOE1DeXlNRDlJaldCCjlIRTZVc3FldXkza1o1a042ZlNYeTlKMitTZGcrbU9xR3ljMkt4cEIxTlVpWGtOL3lGejgwSVZmdS83djdOUmgKRFJpS0QrZHZKdlBqY1FVcFhjN0NnRDdMRDVVSkZTL2dtV1JOSDBCZ0hVQXBHditsMTNjNjl5TzZMUnBqS05DOQo4WFZtSDBWdHpCNWFaZXdIbkZaZmhRVnRQNVZ4aFhFV2tBOHpmcUl4c1drUXEwSks2b1RLejZlNUFvejdrVnI5CkZLbGUzRUl3ekRDd3ozcDU3L0xRNG9JOXcxWXM4ZWU4UGNObW0rQ0NBZy9kWWo5Z01FR0pLQW1NQjdHa0gzeG4Kd1NJRjBFRndCWlpQSS9JeExZUEFwUHhIRHloQ2pVQlhKdnZTdFd2UEtYZmgvRHZFZGRicTQzeXNRNlUxTXZQLwpHaDNHYnU1UDRJaUp1RVNneDBOeGV5QlpoZ25HU0YrQm45eGtacmptRHA2R3RMK2JtYXN3NDVGTGZqRGx0eHNHCndYOWYxS1hua1phZDZGdkh5dTgrTWFBVUJ5a0NBd0VBQWFOQ01FQXdEZ1lEVlIwUEFRSC9CQVFEQWdJRU1BOEcKQTFVZEV3RUIvd1FGTUFNQkFmOHdIUVlEVlIwT0JCWUVGRXczMXF2U0dBUkk5VzZHQjdSVnZReERjU0pqTUEwRwpDU3FHU0liM0RRRUJDd1VBQTRJQmdRQmV2WEcxUlJSY0w0QVdObGxuOGxsSlkwTW10V2hYSnNuNlpHS2dpSXBnCnU3K3o0Vzl3MlV3cHFUeHZYL3c1SzRRcmdQZzAzcjJ6emwrTVpOTW8vYS9zMVc0V0FPcCtESDIvdHRqOWxNSHAKaDF4WFBaaEh4TjVUN2JKRW0vellMcHMwYTFQWE9lQ0Rvc3Q3VE00ZzlpQzliMkNWMlAxTXpnTGc3SUxwYXV0TwpBN1pMeTNUUXRqeGNvajBDUkZUZGFyRVpmZVA2SkJsVlBhM1JHc1FoOFpYSDVuZnNKTmNVTS8yc01pZFZxd1VkCktrMzdRcFZwYWFBZStuMW51Y014RThqVEUwSyswMmFaWDlCRnh5eXZzQXNscW9nbkVjVjRXUW5LSnRCcGxwSXkKN1NCRzRSZHpETWZaQ3k0eUlxdlowQW1NK3V2T2xPM3BtRkVLYjhUQmVYYWtoR0RrTGZnYldlT0szam1HSEtvUQo3S051RXBXL0Q2ZjdhVzQzS01LZkRpakxFN2lGSnhnbFhuQXJsVTBDdTc5dEdad1NXSTd0OXBnY0ZzSmpWVmZFClhYNDNZbnRCa3ljT3FvYnNva3p4NkRMWERpR0dOaFpBc0JSb2NXVmRXSTVBdnFaVkZ3SEFCY0UxZkUxNTYxaDAKa3dULzhRSzZSMlpPVlBRQ0s1VGF6Q2c9Ci0tLS0tRU5EIENFUlRJRklDQVRFLS0tLS0K"
              }
            ],
            "master_authorized_networks_config": [],
            "master_version": "1.21.10-gke.2000",
            "min_master_version": null,
            "monitoring_config": [
              {
                "enable_components": [
                  "SYSTEM_COMPONENTS"
                ]
              }
            ],
            "monitoring_service": "monitoring.googleapis.com/kubernetes",
            "name": "k8s-cluster",
            "network": "projects/falconsandbox/global/networks/test-vpc",
            "network_policy": [
              {
                "enabled": false,
                "provider": "PROVIDER_UNSPECIFIED"
              }
            ],
            "networking_mode": "ROUTES",
            "node_config": [
              {
                "boot_disk_kms_key": "",
                "disk_size_gb": 100,
                "disk_type": "pd-standard",
                "ephemeral_storage_config": [],
                "gcfs_config": [],
                "guest_accelerator": [],
                "gvnic": [],
                "image_type": "COS_CONTAINERD",
                "kubelet_config": [],
                "labels": {},
                "linux_node_config": [],
                "local_ssd_count": 0,
                "machine_type": "e2-medium",
                "metadata": {
                  "disable-legacy-endpoints": "true"
                },
                "min_cpu_platform": "",
                "node_group": "",
                "oauth_scopes": [
                  "https://www.googleapis.com/auth/cloud-platform"
                ],
                "preemptible": true,
                "sandbox_config": [],
                "service_account": "default",
                "shielded_instance_config": [
                  {
                    "enable_integrity_monitoring": true,
                    "enable_secure_boot": false
                  }
                ],
                "spot": false,
                "tags": null,
                "taint": [],
                "workload_metadata_config": []
              }
            ],
            "node_locations": [],
            "node_pool": [
              {
                "autoscaling": [],
                "initial_node_count": 1,
                "instance_group_urls": [
                  "https://www.googleapis.com/compute/v1/projects/falconsandbox/zones/us-central1-a/instanceGroupManagers/gke-k8s-cluster-default-pool-448f4c43-grp"
                ],
                "managed_instance_group_urls": [
                  "https://www.googleapis.com/compute/beta/projects/falconsandbox/zones/us-central1-a/instanceGroups/gke-k8s-cluster-default-pool-448f4c43-grp"
                ],
                "management": [
                  {
                    "auto_repair": true,
                    "auto_upgrade": true
                  }
                ],
                "max_pods_per_node": 0,
                "name": "default-pool",
                "name_prefix": "",
                "network_config": [],
                "node_config": [
                  {
                    "boot_disk_kms_key": "",
                    "disk_size_gb": 100,
                    "disk_type": "pd-standard",
                    "ephemeral_storage_config": [],
                    "gcfs_config": [],
                    "guest_accelerator": [],
                    "gvnic": [],
                    "image_type": "COS_CONTAINERD",
                    "kubelet_config": [],
                    "labels": {},
                    "linux_node_config": [],
                    "local_ssd_count": 0,
                    "machine_type": "e2-medium",
                    "metadata": {
                      "disable-legacy-endpoints": "true"
                    },
                    "min_cpu_platform": "",
                    "node_group": "",
                    "oauth_scopes": [
                      "https://www.googleapis.com/auth/cloud-platform"
                    ],
                    "preemptible": true,
                    "sandbox_config": [],
                    "service_account": "default",
                    "shielded_instance_config": [
                      {
                        "enable_integrity_monitoring": true,
                        "enable_secure_boot": false
                      }
                    ],
                    "spot": false,
                    "tags": [],
                    "taint": [],
                    "workload_metadata_config": []
                  }
                ],
                "node_count": 1,
                "node_locations": [
                  "us-central1-a"
                ],
                "placement_policy": [],
                "upgrade_settings": [
                  {
                    "max_surge": 1,
                    "max_unavailable": 0
                  }
                ],
                "version": "1.21.10-gke.2000"
              }
            ],
            "node_version": "1.21.10-gke.2000",
            "notification_config": [
              {
                "pubsub": [
                  {
                    "enabled": false,
                    "topic": ""
                  }
                ]
              }
            ],
            "operation": null,
            "pod_security_policy_config": [
              {
                "enabled": false
              }
            ],
            "private_cluster_config": [],
            "private_ipv6_google_access": "",
            "project": "falconsandbox",
            "release_channel": [
              {
                "channel": "REGULAR"
              }
            ],
            "remove_default_node_pool": null,
            "resource_labels": null,
            "resource_usage_export_config": [],
            "self_link": "https://container.googleapis.com/v1beta1/projects/falconsandbox/zones/us-central1-a/clusters/k8s-cluster",
            "services_ipv4_cidr": "10.227.240.0/20",
            "subnetwork": "projects/falconsandbox/regions/us-central1/subnetworks/kubernetes-subnet",
            "timeouts": null,
            "tpu_ipv4_cidr_block": "",
            "vertical_pod_autoscaling": [],
            "workload_identity_config": []
          },
          "sensitive_attributes": [],
          "private": "eyJlMmJmYjczMC1lY2FhLTExZTYtOGY4OC0zNDM2M2JjN2M0YzAiOnsiY3JlYXRlIjoyNDAwMDAwMDAwMDAwLCJkZWxldGUiOjI0MDAwMDAwMDAwMDAsInJlYWQiOjI0MDAwMDAwMDAwMDAsInVwZGF0ZSI6MzYwMDAwMDAwMDAwMH0sInNjaGVtYV92ZXJzaW9uIjoiMSJ9",
          "dependencies": [
            "google_compute_network.private_network",
            "google_compute_subnetwork.kubernetes"
          ]
        }
      ]
    }
  ]
}
